{
  "lockfileVersion": 1,
  "workspaces": {
    "": {
      "name": "pr-analysis",
      "dependencies": {
        "@types/js-yaml": "^4.0.9",
        "@types/ws": "^8.18.0",
        "js-yaml": "^4.1.0",
        "marked": "^9.0.0",
        "text-readability": "^1.1.1",
        "ws": "^8.18.1",
      },
      "devDependencies": {
        "@types/prettier": "3.0.0",
        "bun-types": "latest",
        "esbuild": "^0.20.0",
        "prettier": "3.5.3",
        "typescript": "^5.0.0",
      },
    },
  },
  "packages": {
    "@esbuild/aix-ppc64": ["@esbuild/aix-ppc64@0.20.2", "", { "os": "aix", "cpu": "ppc64" }, "sha512-D+EBOJHXdNZcLJRBkhENNG8Wji2kgc9AZ9KiPr1JuZjsNtyHzrsfLRrY0tk2H2aoFu6RANO1y1iPPUCDYWkb5g=="],

    "@esbuild/android-arm": ["@esbuild/android-arm@0.20.2", "", { "os": "android", "cpu": "arm" }, "sha512-t98Ra6pw2VaDhqNWO2Oph2LXbz/EJcnLmKLGBJwEwXX/JAN83Fym1rU8l0JUWK6HkIbWONCSSatf4sf2NBRx/w=="],

    "@esbuild/android-arm64": ["@esbuild/android-arm64@0.20.2", "", { "os": "android", "cpu": "arm64" }, "sha512-mRzjLacRtl/tWU0SvD8lUEwb61yP9cqQo6noDZP/O8VkwafSYwZ4yWy24kan8jE/IMERpYncRt2dw438LP3Xmg=="],

    "@esbuild/android-x64": ["@esbuild/android-x64@0.20.2", "", { "os": "android", "cpu": "x64" }, "sha512-btzExgV+/lMGDDa194CcUQm53ncxzeBrWJcncOBxuC6ndBkKxnHdFJn86mCIgTELsooUmwUm9FkhSp5HYu00Rg=="],

    "@esbuild/darwin-arm64": ["@esbuild/darwin-arm64@0.20.2", "", { "os": "darwin", "cpu": "arm64" }, "sha512-4J6IRT+10J3aJH3l1yzEg9y3wkTDgDk7TSDFX+wKFiWjqWp/iCfLIYzGyasx9l0SAFPT1HwSCR+0w/h1ES/MjA=="],

    "@esbuild/darwin-x64": ["@esbuild/darwin-x64@0.20.2", "", { "os": "darwin", "cpu": "x64" }, "sha512-tBcXp9KNphnNH0dfhv8KYkZhjc+H3XBkF5DKtswJblV7KlT9EI2+jeA8DgBjp908WEuYll6pF+UStUCfEpdysA=="],

    "@esbuild/freebsd-arm64": ["@esbuild/freebsd-arm64@0.20.2", "", { "os": "freebsd", "cpu": "arm64" }, "sha512-d3qI41G4SuLiCGCFGUrKsSeTXyWG6yem1KcGZVS+3FYlYhtNoNgYrWcvkOoaqMhwXSMrZRl69ArHsGJ9mYdbbw=="],

    "@esbuild/freebsd-x64": ["@esbuild/freebsd-x64@0.20.2", "", { "os": "freebsd", "cpu": "x64" }, "sha512-d+DipyvHRuqEeM5zDivKV1KuXn9WeRX6vqSqIDgwIfPQtwMP4jaDsQsDncjTDDsExT4lR/91OLjRo8bmC1e+Cw=="],

    "@esbuild/linux-arm": ["@esbuild/linux-arm@0.20.2", "", { "os": "linux", "cpu": "arm" }, "sha512-VhLPeR8HTMPccbuWWcEUD1Az68TqaTYyj6nfE4QByZIQEQVWBB8vup8PpR7y1QHL3CpcF6xd5WVBU/+SBEvGTg=="],

    "@esbuild/linux-arm64": ["@esbuild/linux-arm64@0.20.2", "", { "os": "linux", "cpu": "arm64" }, "sha512-9pb6rBjGvTFNira2FLIWqDk/uaf42sSyLE8j1rnUpuzsODBq7FvpwHYZxQ/It/8b+QOS1RYfqgGFNLRI+qlq2A=="],

    "@esbuild/linux-ia32": ["@esbuild/linux-ia32@0.20.2", "", { "os": "linux", "cpu": "ia32" }, "sha512-o10utieEkNPFDZFQm9CoP7Tvb33UutoJqg3qKf1PWVeeJhJw0Q347PxMvBgVVFgouYLGIhFYG0UGdBumROyiig=="],

    "@esbuild/linux-loong64": ["@esbuild/linux-loong64@0.20.2", "", { "os": "linux", "cpu": "none" }, "sha512-PR7sp6R/UC4CFVomVINKJ80pMFlfDfMQMYynX7t1tNTeivQ6XdX5r2XovMmha/VjR1YN/HgHWsVcTRIMkymrgQ=="],

    "@esbuild/linux-mips64el": ["@esbuild/linux-mips64el@0.20.2", "", { "os": "linux", "cpu": "none" }, "sha512-4BlTqeutE/KnOiTG5Y6Sb/Hw6hsBOZapOVF6njAESHInhlQAghVVZL1ZpIctBOoTFbQyGW+LsVYZ8lSSB3wkjA=="],

    "@esbuild/linux-ppc64": ["@esbuild/linux-ppc64@0.20.2", "", { "os": "linux", "cpu": "ppc64" }, "sha512-rD3KsaDprDcfajSKdn25ooz5J5/fWBylaaXkuotBDGnMnDP1Uv5DLAN/45qfnf3JDYyJv/ytGHQaziHUdyzaAg=="],

    "@esbuild/linux-riscv64": ["@esbuild/linux-riscv64@0.20.2", "", { "os": "linux", "cpu": "none" }, "sha512-snwmBKacKmwTMmhLlz/3aH1Q9T8v45bKYGE3j26TsaOVtjIag4wLfWSiZykXzXuE1kbCE+zJRmwp+ZbIHinnVg=="],

    "@esbuild/linux-s390x": ["@esbuild/linux-s390x@0.20.2", "", { "os": "linux", "cpu": "s390x" }, "sha512-wcWISOobRWNm3cezm5HOZcYz1sKoHLd8VL1dl309DiixxVFoFe/o8HnwuIwn6sXre88Nwj+VwZUvJf4AFxkyrQ=="],

    "@esbuild/linux-x64": ["@esbuild/linux-x64@0.20.2", "", { "os": "linux", "cpu": "x64" }, "sha512-1MdwI6OOTsfQfek8sLwgyjOXAu+wKhLEoaOLTjbijk6E2WONYpH9ZU2mNtR+lZ2B4uwr+usqGuVfFT9tMtGvGw=="],

    "@esbuild/netbsd-x64": ["@esbuild/netbsd-x64@0.20.2", "", { "os": "none", "cpu": "x64" }, "sha512-K8/DhBxcVQkzYc43yJXDSyjlFeHQJBiowJ0uVL6Tor3jGQfSGHNNJcWxNbOI8v5k82prYqzPuwkzHt3J1T1iZQ=="],

    "@esbuild/openbsd-x64": ["@esbuild/openbsd-x64@0.20.2", "", { "os": "openbsd", "cpu": "x64" }, "sha512-eMpKlV0SThJmmJgiVyN9jTPJ2VBPquf6Kt/nAoo6DgHAoN57K15ZghiHaMvqjCye/uU4X5u3YSMgVBI1h3vKrQ=="],

    "@esbuild/sunos-x64": ["@esbuild/sunos-x64@0.20.2", "", { "os": "sunos", "cpu": "x64" }, "sha512-2UyFtRC6cXLyejf/YEld4Hajo7UHILetzE1vsRcGL3earZEW77JxrFjH4Ez2qaTiEfMgAXxfAZCm1fvM/G/o8w=="],

    "@esbuild/win32-arm64": ["@esbuild/win32-arm64@0.20.2", "", { "os": "win32", "cpu": "arm64" }, "sha512-GRibxoawM9ZCnDxnP3usoUDO9vUkpAxIIZ6GQI+IlVmr5kP3zUq+l17xELTHMWTWzjxa2guPNyrpq1GWmPvcGQ=="],

    "@esbuild/win32-ia32": ["@esbuild/win32-ia32@0.20.2", "", { "os": "win32", "cpu": "ia32" }, "sha512-HfLOfn9YWmkSKRQqovpnITazdtquEW8/SoHW7pWpuEeguaZI4QnCRW6b+oZTztdBnZOS2hqJ6im/D5cPzBTTlQ=="],

    "@esbuild/win32-x64": ["@esbuild/win32-x64@0.20.2", "", { "os": "win32", "cpu": "x64" }, "sha512-N49X4lJX27+l9jbLKSqZ6bKNjzQvHaT8IIFUy+YIqmXQdjYCToGWwOItDrfby14c78aDd5NHQl29xingXfCdLQ=="],

    "@types/js-yaml": ["@types/js-yaml@4.0.9", "", {}, "sha512-k4MGaQl5TGo/iipqb2UDG2UwjXziSWkh0uysQelTlJpX1qGlpUZYm8PnO4DxG1qBomtJUdYJ6qR6xdIah10JLg=="],

    "@types/node": ["@types/node@22.13.11", "", { "dependencies": { "undici-types": "~6.20.0" } }, "sha512-iEUCUJoU0i3VnrCmgoWCXttklWcvoCIx4jzcP22fioIVSdTmjgoEvmAO/QPw6TcS9k5FrNgn4w7q5lGOd1CT5g=="],

    "@types/pluralize": ["@types/pluralize@0.0.29", "", {}, "sha512-BYOID+l2Aco2nBik+iYS4SZX0Lf20KPILP5RGmM1IgzdwNdTs0eebiFriOPcej1sX9mLnSoiNte5zcFxssgpGA=="],

    "@types/prettier": ["@types/prettier@3.0.0", "", { "dependencies": { "prettier": "*" } }, "sha512-mFMBfMOz8QxhYVbuINtswBp9VL2b4Y0QqYHwqLz3YbgtfAcat2Dl6Y1o4e22S/OVE6Ebl9m7wWiMT2lSbAs1wA=="],

    "@types/ws": ["@types/ws@8.18.0", "", { "dependencies": { "@types/node": "*" } }, "sha512-8svvI3hMyvN0kKCJMvTJP/x6Y/EoQbepff882wL+Sn5QsXb3etnamgrJq4isrBxSJj5L2AuXcI0+bgkoAXGUJw=="],

    "argparse": ["argparse@2.0.1", "", {}, "sha512-8+9WqebbFzpX9OR+Wa6O29asIogeRMzcGtAINdpMHHyAg10f05aSFVBbcEqGf/PXw1EjAZ+q2/bEBg3DvurK3Q=="],

    "bun-types": ["bun-types@1.2.5", "", { "dependencies": { "@types/node": "*", "@types/ws": "~8.5.10" } }, "sha512-3oO6LVGGRRKI4kHINx5PIdIgnLRb7l/SprhzqXapmoYkFl5m4j6EvALvbDVuuBFaamB46Ap6HCUxIXNLCGy+tg=="],

    "esbuild": ["esbuild@0.20.2", "", { "optionalDependencies": { "@esbuild/aix-ppc64": "0.20.2", "@esbuild/android-arm": "0.20.2", "@esbuild/android-arm64": "0.20.2", "@esbuild/android-x64": "0.20.2", "@esbuild/darwin-arm64": "0.20.2", "@esbuild/darwin-x64": "0.20.2", "@esbuild/freebsd-arm64": "0.20.2", "@esbuild/freebsd-x64": "0.20.2", "@esbuild/linux-arm": "0.20.2", "@esbuild/linux-arm64": "0.20.2", "@esbuild/linux-ia32": "0.20.2", "@esbuild/linux-loong64": "0.20.2", "@esbuild/linux-mips64el": "0.20.2", "@esbuild/linux-ppc64": "0.20.2", "@esbuild/linux-riscv64": "0.20.2", "@esbuild/linux-s390x": "0.20.2", "@esbuild/linux-x64": "0.20.2", "@esbuild/netbsd-x64": "0.20.2", "@esbuild/openbsd-x64": "0.20.2", "@esbuild/sunos-x64": "0.20.2", "@esbuild/win32-arm64": "0.20.2", "@esbuild/win32-ia32": "0.20.2", "@esbuild/win32-x64": "0.20.2" }, "bin": { "esbuild": "bin/esbuild" } }, "sha512-WdOOppmUNU+IbZ0PaDiTst80zjnrOkyJNHoKupIcVyU8Lvla3Ugx94VzkQ32Ijqd7UhHJy75gNWDMUekcrSJ6g=="],

    "js-yaml": ["js-yaml@4.1.0", "", { "dependencies": { "argparse": "^2.0.1" }, "bin": { "js-yaml": "bin/js-yaml.js" } }, "sha512-wpxZs9NoxZaJESJGIZTyDEaYpl0FKSA+FB9aJiyemKhMwkxQg63h4T1KJgUGHpTqPDNRcmmYLugrRjJlBtWvRA=="],

    "marked": ["marked@9.1.6", "", { "bin": { "marked": "bin/marked.js" } }, "sha512-jcByLnIFkd5gSXZmjNvS1TlmRhCXZjIzHYlaGkPlLIekG55JDR2Z4va9tZwCiP+/RDERiNhMOFu01xd6O5ct1Q=="],

    "normalize-strings": ["normalize-strings@1.1.1", "", {}, "sha512-fARPRdTwmrQDLYhmeh7j/eZwrCP6WzxD6uKOdK/hT/uKACAE9AG2Bc2dgqOZLkfmmctHpfcJ9w3AQnfLgg3GYg=="],

    "pluralize": ["pluralize@8.0.0", "", {}, "sha512-Nc3IT5yHzflTfbjgqWcCPpo7DaKy4FnpB0l/zCAW0Tc7jxAiuqSxHasntB3D7887LSrA93kDJ9IXovxJYxyLCA=="],

    "prettier": ["prettier@3.5.3", "", { "bin": { "prettier": "bin/prettier.cjs" } }, "sha512-QQtaxnoDJeAkDvDKWCLiwIXkTgRhwYDEQCghU9Z6q03iyek/rxRh/2lC3HB7P8sWT2xC/y5JDctPLBIGzHKbhw=="],

    "syllable": ["syllable@5.0.1", "", { "dependencies": { "@types/pluralize": "^0.0.29", "normalize-strings": "^1.1.0", "pluralize": "^8.0.0" }, "bin": { "syllable": "cli.js" } }, "sha512-HWtNCp6v7J8H0lrT8j1HHjfOLltRoDcC7QRFVu25p4BE52JqetXG65nqC7CsatT8WQRfY4Qvh93BWJIUxbmXFg=="],

    "text-readability": ["text-readability@1.1.1", "", { "dependencies": { "pluralize": "^8.0.0", "syllable": "^5.0.1" } }, "sha512-lo0KlcNRhlBAxTCEPXMFricim2vJVm0xAVdy40N6WQDn+MeKDBFxl0bMdP2YIMm9ph34CPvxYO/Lxb1QIi67ig=="],

    "typescript": ["typescript@5.8.2", "", { "bin": { "tsc": "bin/tsc", "tsserver": "bin/tsserver" } }, "sha512-aJn6wq13/afZp/jT9QZmwEjDqqvSGp1VT5GVg+f/t6/oVyrgXM6BY1h9BRh/O5p3PlUPAe+WuiEZOmb/49RqoQ=="],

    "undici-types": ["undici-types@6.20.0", "", {}, "sha512-Ny6QZ2Nju20vw1SRHe3d9jVu6gJ+4e3+MMpqu7pqE5HT6WsTSlce++GQmK5UXS8mzV8DSYHrQH+Xrf2jVcuKNg=="],

    "ws": ["ws@8.18.1", "", { "peerDependencies": { "bufferutil": "^4.0.1", "utf-8-validate": ">=5.0.2" }, "optionalPeers": ["bufferutil", "utf-8-validate"] }, "sha512-RKW2aJZMXeMxVpnZ6bck+RswznaxmzdULiBr6KY7XkTnW8uvt0iT9H5DkHUChXrc+uurzwa0rVI16n/Xzjdz1w=="],

    "bun-types/@types/ws": ["@types/ws@8.5.14", "", { "dependencies": { "@types/node": "*" } }, "sha512-bd/YFLW+URhBzMXurx7lWByOu+xzU9+kb3RboOteXYDfW+tr+JZa99OyNmPINEGB/ahzKrEuc8rcv4gnpJmxTw=="],
  }
}
